
Microsoft Visual Studio Solution File, Format Version 12.00
# Visual Studio Version 17
VisualStudioVersion = 17.2.32526.322
MinimumVisualStudioVersion = 10.0.40219.1
Project("{FAE04EC0-301F-11D3-BF4B-00C04F79EFBC}") = "WindowsFormsDB", "WindowsFormsDB\WindowsFormsDB.csproj", "{32F09DEF-9E48-453F-8251-12C14B6C391E}"
EndProject
Global
	GlobalSection(SolutionConfigurationPlatforms) = preSolution
		Debug|Any CPU = Debug|Any CPU
		Release|Any CPU = Release|Any CPU
	EndGlobalSection
	GlobalSection(ProjectConfigurationPlatforms) = postSolution
		{32F09DEF-9E48-453F-8251-12C14B6C391E}.Debug|Any CPU.ActiveCfg = Debug|Any CPU
		{32F09DEF-9E48-453F-8251-12C14B6C391E}.Debug|Any CPU.Build.0 = Debug|Any CPU
		{32F09DEF-9E48-453F-8251-12C14B6C391E}.Release|Any CPU.ActiveCfg = Release|Any CPU
		{32F09DEF-9E48-453F-8251-12C14B6C391E}.Release|Any CPU.Build.0 = Release|Any CPU
	EndGlobalSection
	GlobalSection(SolutionProperties) = preSolution
		HideSolutionNode = FALSE
	EndGlobalSection
	GlobalSection(ExtensibilityGlobals) = postSolution
		SolutionGuid = {85982A81-A2C9-4485-95A4-FF1776474495}
	EndGlobalSection
EndGlobal
